
Microsoft Visual Studio Solution File, Format Version 12.00
# Visual Studio 15
VisualStudioVersion = 15.0.28307.271
MinimumVisualStudioVersion = 10.0.40219.1
Project("{FAE04EC0-301F-11D3-BF4B-00C04F79EFBC}") = "Main", "Main\Main.csproj", "{8F980A91-30E8-4C38-98D6-10AFEE3074D0}"
EndProject
Project("{FAE04EC0-301F-11D3-BF4B-00C04F79EFBC}") = "Entity", "Entity\Entity.csproj", "{37E750DE-ECD8-440B-B490-564347F70F46}"
EndProject
Project("{FAE04EC0-301F-11D3-BF4B-00C04F79EFBC}") = "DataAccessLayer", "DataAccessLayer\DataAccessLayer.csproj", "{23E1A25D-D4ED-4F86-857E-CF840837F584}"
EndProject
Project("{FAE04EC0-301F-11D3-BF4B-00C04F79EFBC}") = "BusinessLayer", "BusinessLayer\BusinessLayer.csproj", "{10B61D6B-B964-4241-9980-72E66DA7D18C}"
EndProject
Project("{FAE04EC0-301F-11D3-BF4B-00C04F79EFBC}") = "CommonLibrary", "CommonLibrary\CommonLibrary.csproj", "{F96878E6-0A71-4F23-B308-AE36A81380DA}"
EndProject
Global
	GlobalSection(SolutionConfigurationPlatforms) = preSolution
		Debug|Any CPU = Debug|Any CPU
		Debug|x64 = Debug|x64
		Debug|x86 = Debug|x86
		Release|Any CPU = Release|Any CPU
		Release|x64 = Release|x64
		Release|x86 = Release|x86
		x64|Any CPU = x64|Any CPU
		x64|x64 = x64|x64
		x64|x86 = x64|x86
	EndGlobalSection
	GlobalSection(ProjectConfigurationPlatforms) = postSolution
		{8F980A91-30E8-4C38-98D6-10AFEE3074D0}.Debug|Any CPU.ActiveCfg = Debug|Any CPU
		{8F980A91-30E8-4C38-98D6-10AFEE3074D0}.Debug|Any CPU.Build.0 = Debug|Any CPU
		{8F980A91-30E8-4C38-98D6-10AFEE3074D0}.Debug|x64.ActiveCfg = Debug|Any CPU
		{8F980A91-30E8-4C38-98D6-10AFEE3074D0}.Debug|x64.Build.0 = Debug|Any CPU
		{8F980A91-30E8-4C38-98D6-10AFEE3074D0}.Debug|x86.ActiveCfg = Debug|Any CPU
		{8F980A91-30E8-4C38-98D6-10AFEE3074D0}.Debug|x86.Build.0 = Debug|Any CPU
		{8F980A91-30E8-4C38-98D6-10AFEE3074D0}.Release|Any CPU.ActiveCfg = Release|Any CPU
		{8F980A91-30E8-4C38-98D6-10AFEE3074D0}.Release|Any CPU.Build.0 = Release|Any CPU
		{8F980A91-30E8-4C38-98D6-10AFEE3074D0}.Release|x64.ActiveCfg = Release|Any CPU
		{8F980A91-30E8-4C38-98D6-10AFEE3074D0}.Release|x64.Build.0 = Release|Any CPU
		{8F980A91-30E8-4C38-98D6-10AFEE3074D0}.Release|x86.ActiveCfg = Release|Any CPU
		{8F980A91-30E8-4C38-98D6-10AFEE3074D0}.Release|x86.Build.0 = Release|Any CPU
		{8F980A91-30E8-4C38-98D6-10AFEE3074D0}.x64|Any CPU.ActiveCfg = Release|Any CPU
		{8F980A91-30E8-4C38-98D6-10AFEE3074D0}.x64|Any CPU.Build.0 = Release|Any CPU
		{8F980A91-30E8-4C38-98D6-10AFEE3074D0}.x64|x64.ActiveCfg = Release|Any CPU
		{8F980A91-30E8-4C38-98D6-10AFEE3074D0}.x64|x64.Build.0 = Release|Any CPU
		{8F980A91-30E8-4C38-98D6-10AFEE3074D0}.x64|x86.ActiveCfg = Release|Any CPU
		{8F980A91-30E8-4C38-98D6-10AFEE3074D0}.x64|x86.Build.0 = Release|Any CPU
		{37E750DE-ECD8-440B-B490-564347F70F46}.Debug|Any CPU.ActiveCfg = Debug|Any CPU
		{37E750DE-ECD8-440B-B490-564347F70F46}.Debug|Any CPU.Build.0 = Debug|Any CPU
		{37E750DE-ECD8-440B-B490-564347F70F46}.Debug|x64.ActiveCfg = Debug|Any CPU
		{37E750DE-ECD8-440B-B490-564347F70F46}.Debug|x64.Build.0 = Debug|Any CPU
		{37E750DE-ECD8-440B-B490-564347F70F46}.Debug|x86.ActiveCfg = Debug|Any CPU
		{37E750DE-ECD8-440B-B490-564347F70F46}.Debug|x86.Build.0 = Debug|Any CPU
		{37E750DE-ECD8-440B-B490-564347F70F46}.Release|Any CPU.ActiveCfg = Release|Any CPU
		{37E750DE-ECD8-440B-B490-564347F70F46}.Release|Any CPU.Build.0 = Release|Any CPU
		{37E750DE-ECD8-440B-B490-564347F70F46}.Release|x64.ActiveCfg = Release|Any CPU
		{37E750DE-ECD8-440B-B490-564347F70F46}.Release|x64.Build.0 = Release|Any CPU
		{37E750DE-ECD8-440B-B490-564347F70F46}.Release|x86.ActiveCfg = Release|Any CPU
		{37E750DE-ECD8-440B-B490-564347F70F46}.Release|x86.Build.0 = Release|Any CPU
		{37E750DE-ECD8-440B-B490-564347F70F46}.x64|Any CPU.ActiveCfg = Release|Any CPU
		{37E750DE-ECD8-440B-B490-564347F70F46}.x64|Any CPU.Build.0 = Release|Any CPU
		{37E750DE-ECD8-440B-B490-564347F70F46}.x64|x64.ActiveCfg = Release|Any CPU
		{37E750DE-ECD8-440B-B490-564347F70F46}.x64|x64.Build.0 = Release|Any CPU
		{37E750DE-ECD8-440B-B490-564347F70F46}.x64|x86.ActiveCfg = Release|Any CPU
		{37E750DE-ECD8-440B-B490-564347F70F46}.x64|x86.Build.0 = Release|Any CPU
		{23E1A25D-D4ED-4F86-857E-CF840837F584}.Debug|Any CPU.ActiveCfg = Debug|Any CPU
		{23E1A25D-D4ED-4F86-857E-CF840837F584}.Debug|Any CPU.Build.0 = Debug|Any CPU
		{23E1A25D-D4ED-4F86-857E-CF840837F584}.Debug|x64.ActiveCfg = Debug|x64
		{23E1A25D-D4ED-4F86-857E-CF840837F584}.Debug|x64.Build.0 = Debug|x64
		{23E1A25D-D4ED-4F86-857E-CF840837F584}.Debug|x86.ActiveCfg = Debug|Any CPU
		{23E1A25D-D4ED-4F86-857E-CF840837F584}.Debug|x86.Build.0 = Debug|Any CPU
		{23E1A25D-D4ED-4F86-857E-CF840837F584}.Release|Any CPU.ActiveCfg = Release|Any CPU
		{23E1A25D-D4ED-4F86-857E-CF840837F584}.Release|Any CPU.Build.0 = Release|Any CPU
		{23E1A25D-D4ED-4F86-857E-CF840837F584}.Release|x64.ActiveCfg = Release|x64
		{23E1A25D-D4ED-4F86-857E-CF840837F584}.Release|x64.Build.0 = Release|x64
		{23E1A25D-D4ED-4F86-857E-CF840837F584}.Release|x86.ActiveCfg = Release|x86
		{23E1A25D-D4ED-4F86-857E-CF840837F584}.Release|x86.Build.0 = Release|x86
		{23E1A25D-D4ED-4F86-857E-CF840837F584}.x64|Any CPU.ActiveCfg = x64|Any CPU
		{23E1A25D-D4ED-4F86-857E-CF840837F584}.x64|Any CPU.Build.0 = x64|Any CPU
		{23E1A25D-D4ED-4F86-857E-CF840837F584}.x64|x64.ActiveCfg = Release|Any CPU
		{23E1A25D-D4ED-4F86-857E-CF840837F584}.x64|x64.Build.0 = Release|Any CPU
		{23E1A25D-D4ED-4F86-857E-CF840837F584}.x64|x86.ActiveCfg = x64|x86
		{23E1A25D-D4ED-4F86-857E-CF840837F584}.x64|x86.Build.0 = x64|x86
		{10B61D6B-B964-4241-9980-72E66DA7D18C}.Debug|Any CPU.ActiveCfg = Debug|Any CPU
		{10B61D6B-B964-4241-9980-72E66DA7D18C}.Debug|Any CPU.Build.0 = Debug|Any CPU
		{10B61D6B-B964-4241-9980-72E66DA7D18C}.Debug|x64.ActiveCfg = Debug|Any CPU
		{10B61D6B-B964-4241-9980-72E66DA7D18C}.Debug|x64.Build.0 = Debug|Any CPU
		{10B61D6B-B964-4241-9980-72E66DA7D18C}.Debug|x86.ActiveCfg = Debug|Any CPU
		{10B61D6B-B964-4241-9980-72E66DA7D18C}.Debug|x86.Build.0 = Debug|Any CPU
		{10B61D6B-B964-4241-9980-72E66DA7D18C}.Release|Any CPU.ActiveCfg = Release|Any CPU
		{10B61D6B-B964-4241-9980-72E66DA7D18C}.Release|Any CPU.Build.0 = Release|Any CPU
		{10B61D6B-B964-4241-9980-72E66DA7D18C}.Release|x64.ActiveCfg = Release|Any CPU
		{10B61D6B-B964-4241-9980-72E66DA7D18C}.Release|x64.Build.0 = Release|Any CPU
		{10B61D6B-B964-4241-9980-72E66DA7D18C}.Release|x86.ActiveCfg = Release|Any CPU
		{10B61D6B-B964-4241-9980-72E66DA7D18C}.Release|x86.Build.0 = Release|Any CPU
		{10B61D6B-B964-4241-9980-72E66DA7D18C}.x64|Any CPU.ActiveCfg = Release|Any CPU
		{10B61D6B-B964-4241-9980-72E66DA7D18C}.x64|Any CPU.Build.0 = Release|Any CPU
		{10B61D6B-B964-4241-9980-72E66DA7D18C}.x64|x64.ActiveCfg = Release|Any CPU
		{10B61D6B-B964-4241-9980-72E66DA7D18C}.x64|x64.Build.0 = Release|Any CPU
		{10B61D6B-B964-4241-9980-72E66DA7D18C}.x64|x86.ActiveCfg = Release|Any CPU
		{10B61D6B-B964-4241-9980-72E66DA7D18C}.x64|x86.Build.0 = Release|Any CPU
		{F96878E6-0A71-4F23-B308-AE36A81380DA}.Debug|Any CPU.ActiveCfg = Debug|Any CPU
		{F96878E6-0A71-4F23-B308-AE36A81380DA}.Debug|Any CPU.Build.0 = Debug|Any CPU
		{F96878E6-0A71-4F23-B308-AE36A81380DA}.Debug|x64.ActiveCfg = Debug|Any CPU
		{F96878E6-0A71-4F23-B308-AE36A81380DA}.Debug|x64.Build.0 = Debug|Any CPU
		{F96878E6-0A71-4F23-B308-AE36A81380DA}.Debug|x86.ActiveCfg = Debug|Any CPU
		{F96878E6-0A71-4F23-B308-AE36A81380DA}.Debug|x86.Build.0 = Debug|Any CPU
		{F96878E6-0A71-4F23-B308-AE36A81380DA}.Release|Any CPU.ActiveCfg = Release|Any CPU
		{F96878E6-0A71-4F23-B308-AE36A81380DA}.Release|Any CPU.Build.0 = Release|Any CPU
		{F96878E6-0A71-4F23-B308-AE36A81380DA}.Release|x64.ActiveCfg = Release|Any CPU
		{F96878E6-0A71-4F23-B308-AE36A81380DA}.Release|x64.Build.0 = Release|Any CPU
		{F96878E6-0A71-4F23-B308-AE36A81380DA}.Release|x86.ActiveCfg = Release|Any CPU
		{F96878E6-0A71-4F23-B308-AE36A81380DA}.Release|x86.Build.0 = Release|Any CPU
		{F96878E6-0A71-4F23-B308-AE36A81380DA}.x64|Any CPU.ActiveCfg = Release|Any CPU
		{F96878E6-0A71-4F23-B308-AE36A81380DA}.x64|Any CPU.Build.0 = Release|Any CPU
		{F96878E6-0A71-4F23-B308-AE36A81380DA}.x64|x64.ActiveCfg = Release|Any CPU
		{F96878E6-0A71-4F23-B308-AE36A81380DA}.x64|x64.Build.0 = Release|Any CPU
		{F96878E6-0A71-4F23-B308-AE36A81380DA}.x64|x86.ActiveCfg = Release|Any CPU
		{F96878E6-0A71-4F23-B308-AE36A81380DA}.x64|x86.Build.0 = Release|Any CPU
	EndGlobalSection
	GlobalSection(SolutionProperties) = preSolution
		HideSolutionNode = FALSE
	EndGlobalSection
	GlobalSection(ExtensibilityGlobals) = postSolution
		SolutionGuid = {7F8DADB3-61A0-4281-B265-158916F563F1}
	EndGlobalSection
EndGlobal
